
Microsoft Visual Studio Solution File, Format Version 12.00
# Visual Studio 15
VisualStudioVersion = 15.0.26730.3
MinimumVisualStudioVersion = 10.0.40219.1
Project("{9A19103F-16F7-4668-BE54-9A1E7A4F7556}") = "OpenWebCaller", "OpenWebCaller.csproj", "{075ED20A-0415-47E6-9F82-81088230777B}"
EndProject
Global
	GlobalSection(SolutionConfigurationPlatforms) = preSolution
		Debug|Any CPU = Debug|Any CPU
		Release|Any CPU = Release|Any CPU
	EndGlobalSection
	GlobalSection(ProjectConfigurationPlatforms) = postSolution
		{075ED20A-0415-47E6-9F82-81088230777B}.Debug|Any CPU.ActiveCfg = Debug|Any CPU
		{075ED20A-0415-47E6-9F82-81088230777B}.Debug|Any CPU.Build.0 = Debug|Any CPU
		{075ED20A-0415-47E6-9F82-81088230777B}.Release|Any CPU.ActiveCfg = Release|Any CPU
		{075ED20A-0415-47E6-9F82-81088230777B}.Release|Any CPU.Build.0 = Release|Any CPU
	EndGlobalSection
	GlobalSection(SolutionProperties) = preSolution
		HideSolutionNode = FALSE
	EndGlobalSection
	GlobalSection(ExtensibilityGlobals) = postSolution
		SolutionGuid = {C7EA2A1F-7F53-43AE-BC1F-671F4DD2F8FA}
	EndGlobalSection
EndGlobal
